// !$*UTF8*$!
{
	archiveVersion = 1;
	classes = {
	};
	objectVersion = 46;
	objects = {

/* Begin PBXBuildFile section */
		202053771E8C276F00A1CCE4 /* RestaurantAnnotation.swift in Sources */ = {isa = PBXBuildFile; fileRef = 202053761E8C276F00A1CCE4 /* RestaurantAnnotation.swift */; };
		203570721E95C3D600B3AAA0 /* ProyectoTec.xcdatamodeld in Sources */ = {isa = PBXBuildFile; fileRef = 203570701E95C3D600B3AAA0 /* ProyectoTec.xcdatamodeld */; };
		208BF7E01E80B78F00BBA84A /* MapKit.framework in Frameworks */ = {isa = PBXBuildFile; fileRef = 208BF7DF1E80B78F00BBA84A /* MapKit.framework */; };
		208BF7E21E80BBFA00BBA84A /* iPad.storyboard in Resources */ = {isa = PBXBuildFile; fileRef = 208BF7E11E80BBFA00BBA84A /* iPad.storyboard */; };
		20A061B91E834BD3008E869E /* AlimentosViewController.swift in Sources */ = {isa = PBXBuildFile; fileRef = 20A061B81E834BD3008E869E /* AlimentosViewController.swift */; };
		20A061BC1E834E62008E869E /* AlimentosCell.swift in Sources */ = {isa = PBXBuildFile; fileRef = 20A061BA1E834E62008E869E /* AlimentosCell.swift */; };
		20A061BD1E834E62008E869E /* AlimentosCell.xib in Resources */ = {isa = PBXBuildFile; fileRef = 20A061BB1E834E62008E869E /* AlimentosCell.xib */; };
		20ABCBF91E79AFFF00EC2322 /* AppDelegate.swift in Sources */ = {isa = PBXBuildFile; fileRef = 20ABCBF81E79AFFF00EC2322 /* AppDelegate.swift */; };
		20ABCBFB1E79AFFF00EC2322 /* ViewController.swift in Sources */ = {isa = PBXBuildFile; fileRef = 20ABCBFA1E79AFFF00EC2322 /* ViewController.swift */; };
		20ABCBFE1E79AFFF00EC2322 /* Main.storyboard in Resources */ = {isa = PBXBuildFile; fileRef = 20ABCBFC1E79AFFF00EC2322 /* Main.storyboard */; };
		20ABCC001E79AFFF00EC2322 /* Assets.xcassets in Resources */ = {isa = PBXBuildFile; fileRef = 20ABCBFF1E79AFFF00EC2322 /* Assets.xcassets */; };
		20ABCC031E79AFFF00EC2322 /* LaunchScreen.storyboard in Resources */ = {isa = PBXBuildFile; fileRef = 20ABCC011E79AFFF00EC2322 /* LaunchScreen.storyboard */; };
		20ABCC0F1E79BC4700EC2322 /* Constants.swift in Sources */ = {isa = PBXBuildFile; fileRef = 20ABCC0E1E79BC4700EC2322 /* Constants.swift */; };
		20ABCC211E79C47700EC2322 /* info.json in Resources */ = {isa = PBXBuildFile; fileRef = 20ABCC201E79C47700EC2322 /* info.json */; };
		20ABCC231E79CB0500EC2322 /* RestaurantsViewController.swift in Sources */ = {isa = PBXBuildFile; fileRef = 20ABCC221E79CB0500EC2322 /* RestaurantsViewController.swift */; };
		20ABCC291E79DE6D00EC2322 /* RestaurantCell.swift in Sources */ = {isa = PBXBuildFile; fileRef = 20ABCC281E79DE6D00EC2322 /* RestaurantCell.swift */; };
		BFF2914E6B1E19CE5CFB2E2C /* Pods_ProyectoTec.framework in Frameworks */ = {isa = PBXBuildFile; fileRef = 2674B7557B41F0B9D192702A /* Pods_ProyectoTec.framework */; };
/* End PBXBuildFile section */

/* Begin PBXFileReference section */
		202053761E8C276F00A1CCE4 /* RestaurantAnnotation.swift */ = {isa = PBXFileReference; fileEncoding = 4; lastKnownFileType = sourcecode.swift; path = RestaurantAnnotation.swift; sourceTree = "<group>"; };
		203570711E95C3D600B3AAA0 /* ProyectoTec.xcdatamodel */ = {isa = PBXFileReference; lastKnownFileType = wrapper.xcdatamodel; path = ProyectoTec.xcdatamodel; sourceTree = "<group>"; };
		208BF7DF1E80B78F00BBA84A /* MapKit.framework */ = {isa = PBXFileReference; lastKnownFileType = wrapper.framework; name = MapKit.framework; path = System/Library/Frameworks/MapKit.framework; sourceTree = SDKROOT; };
		208BF7E11E80BBFA00BBA84A /* iPad.storyboard */ = {isa = PBXFileReference; fileEncoding = 4; lastKnownFileType = file.storyboard; path = iPad.storyboard; sourceTree = "<group>"; };
		20A061B81E834BD3008E869E /* AlimentosViewController.swift */ = {isa = PBXFileReference; fileEncoding = 4; lastKnownFileType = sourcecode.swift; path = AlimentosViewController.swift; sourceTree = "<group>"; };
		20A061BA1E834E62008E869E /* AlimentosCell.swift */ = {isa = PBXFileReference; fileEncoding = 4; lastKnownFileType = sourcecode.swift; path = AlimentosCell.swift; sourceTree = "<group>"; };
		20A061BB1E834E62008E869E /* AlimentosCell.xib */ = {isa = PBXFileReference; fileEncoding = 4; lastKnownFileType = file.xib; path = AlimentosCell.xib; sourceTree = "<group>"; };
		20ABCBF51E79AFFF00EC2322 /* ProyectoTec.app */ = {isa = PBXFileReference; explicitFileType = wrapper.application; includeInIndex = 0; path = ProyectoTec.app; sourceTree = BUILT_PRODUCTS_DIR; };
		20ABCBF81E79AFFF00EC2322 /* AppDelegate.swift */ = {isa = PBXFileReference; lastKnownFileType = sourcecode.swift; path = AppDelegate.swift; sourceTree = "<group>"; };
		20ABCBFA1E79AFFF00EC2322 /* ViewController.swift */ = {isa = PBXFileReference; lastKnownFileType = sourcecode.swift; path = ViewController.swift; sourceTree = "<group>"; };
		20ABCBFD1E79AFFF00EC2322 /* Base */ = {isa = PBXFileReference; lastKnownFileType = file.storyboard; name = Base; path = Base.lproj/Main.storyboard; sourceTree = "<group>"; };
		20ABCBFF1E79AFFF00EC2322 /* Assets.xcassets */ = {isa = PBXFileReference; lastKnownFileType = folder.assetcatalog; path = Assets.xcassets; sourceTree = "<group>"; };
		20ABCC021E79AFFF00EC2322 /* Base */ = {isa = PBXFileReference; lastKnownFileType = file.storyboard; name = Base; path = Base.lproj/LaunchScreen.storyboard; sourceTree = "<group>"; };
		20ABCC041E79AFFF00EC2322 /* Info.plist */ = {isa = PBXFileReference; lastKnownFileType = text.plist.xml; path = Info.plist; sourceTree = "<group>"; };
		20ABCC0E1E79BC4700EC2322 /* Constants.swift */ = {isa = PBXFileReference; fileEncoding = 4; lastKnownFileType = sourcecode.swift; path = Constants.swift; sourceTree = "<group>"; };
		20ABCC201E79C47700EC2322 /* info.json */ = {isa = PBXFileReference; fileEncoding = 4; lastKnownFileType = text.json; path = info.json; sourceTree = "<group>"; };
		20ABCC221E79CB0500EC2322 /* RestaurantsViewController.swift */ = {isa = PBXFileReference; fileEncoding = 4; lastKnownFileType = sourcecode.swift; path = RestaurantsViewController.swift; sourceTree = "<group>"; };
		20ABCC281E79DE6D00EC2322 /* RestaurantCell.swift */ = {isa = PBXFileReference; fileEncoding = 4; lastKnownFileType = sourcecode.swift; path = RestaurantCell.swift; sourceTree = "<group>"; };
		2674B7557B41F0B9D192702A /* Pods_ProyectoTec.framework */ = {isa = PBXFileReference; explicitFileType = wrapper.framework; includeInIndex = 0; path = Pods_ProyectoTec.framework; sourceTree = BUILT_PRODUCTS_DIR; };
		79DE35A0BA328FB39BFBCE89 /* Pods-ProyectoTec.release.xcconfig */ = {isa = PBXFileReference; includeInIndex = 1; lastKnownFileType = text.xcconfig; name = "Pods-ProyectoTec.release.xcconfig"; path = "Pods/Target Support Files/Pods-ProyectoTec/Pods-ProyectoTec.release.xcconfig"; sourceTree = "<group>"; };
		9C731741F38EC27DAD03BFF8 /* Pods-ProyectoTec.debug.xcconfig */ = {isa = PBXFileReference; includeInIndex = 1; lastKnownFileType = text.xcconfig; name = "Pods-ProyectoTec.debug.xcconfig"; path = "Pods/Target Support Files/Pods-ProyectoTec/Pods-ProyectoTec.debug.xcconfig"; sourceTree = "<group>"; };
/* End PBXFileReference section */

/* Begin PBXFrameworksBuildPhase section */
		20ABCBF21E79AFFE00EC2322 /* Frameworks */ = {
			isa = PBXFrameworksBuildPhase;
			buildActionMask = 2147483647;
			files = (
				208BF7E01E80B78F00BBA84A /* MapKit.framework in Frameworks */,
				BFF2914E6B1E19CE5CFB2E2C /* Pods_ProyectoTec.framework in Frameworks */,
			);
			runOnlyForDeploymentPostprocessing = 0;
		};
/* End PBXFrameworksBuildPhase section */

/* Begin PBXGroup section */
		20ABCBEC1E79AFFE00EC2322 = {
			isa = PBXGroup;
			children = (
				20ABCBF71E79AFFF00EC2322 /* ProyectoTec */,
				20ABCBF61E79AFFF00EC2322 /* Products */,
				7A4B1CB4810193D0C1B639CA /* Pods */,
				786FD2BCD45EEA55DAD4C13C /* Frameworks */,
			);
			sourceTree = "<group>";
		};
		20ABCBF61E79AFFF00EC2322 /* Products */ = {
			isa = PBXGroup;
			children = (
				20ABCBF51E79AFFF00EC2322 /* ProyectoTec.app */,
			);
			name = Products;
			sourceTree = "<group>";
		};
		20ABCBF71E79AFFF00EC2322 /* ProyectoTec */ = {
			isa = PBXGroup;
			children = (
				20ABCC1A1E79C43300EC2322 /* Assets */,
				20ABCC1B1E79C43300EC2322 /* Cells */,
				20ABCC1C1E79C43300EC2322 /* Controllers */,
				20ABCC1D1E79C43300EC2322 /* Sounds */,
				20ABCBF81E79AFFF00EC2322 /* AppDelegate.swift */,
				20ABCBFA1E79AFFF00EC2322 /* ViewController.swift */,
				20ABCBFC1E79AFFF00EC2322 /* Main.storyboard */,
				20ABCBFF1E79AFFF00EC2322 /* Assets.xcassets */,
				20ABCC011E79AFFF00EC2322 /* LaunchScreen.storyboard */,
				20ABCC041E79AFFF00EC2322 /* Info.plist */,
				20ABCC0E1E79BC4700EC2322 /* Constants.swift */,
				208BF7E11E80BBFA00BBA84A /* iPad.storyboard */,
				203570701E95C3D600B3AAA0 /* ProyectoTec.xcdatamodeld */,
			);
			path = ProyectoTec;
			sourceTree = "<group>";
		};
		20ABCC1A1E79C43300EC2322 /* Assets */ = {
			isa = PBXGroup;
			children = (
				20ABCC201E79C47700EC2322 /* info.json */,
				202053761E8C276F00A1CCE4 /* RestaurantAnnotation.swift */,
			);
			path = Assets;
			sourceTree = "<group>";
		};
		20ABCC1B1E79C43300EC2322 /* Cells */ = {
			isa = PBXGroup;
			children = (
				20ABCC281E79DE6D00EC2322 /* RestaurantCell.swift */,
				20A061BA1E834E62008E869E /* AlimentosCell.swift */,
				20A061BB1E834E62008E869E /* AlimentosCell.xib */,
			);
			path = Cells;
			sourceTree = "<group>";
		};
		20ABCC1C1E79C43300EC2322 /* Controllers */ = {
			isa = PBXGroup;
			children = (
				20ABCC221E79CB0500EC2322 /* RestaurantsViewController.swift */,
				20A061B81E834BD3008E869E /* AlimentosViewController.swift */,
			);
			path = Controllers;
			sourceTree = "<group>";
		};
		20ABCC1D1E79C43300EC2322 /* Sounds */ = {
			isa = PBXGroup;
			children = (
			);
			path = Sounds;
			sourceTree = "<group>";
		};
		786FD2BCD45EEA55DAD4C13C /* Frameworks */ = {
			isa = PBXGroup;
			children = (
				208BF7DF1E80B78F00BBA84A /* MapKit.framework */,
				2674B7557B41F0B9D192702A /* Pods_ProyectoTec.framework */,
			);
			name = Frameworks;
			sourceTree = "<group>";
		};
		7A4B1CB4810193D0C1B639CA /* Pods */ = {
			isa = PBXGroup;
			children = (
				9C731741F38EC27DAD03BFF8 /* Pods-ProyectoTec.debug.xcconfig */,
				79DE35A0BA328FB39BFBCE89 /* Pods-ProyectoTec.release.xcconfig */,
			);
			name = Pods;
			sourceTree = "<group>";
		};
/* End PBXGroup section */

/* Begin PBXNativeTarget section */
		20ABCBF41E79AFFE00EC2322 /* ProyectoTec */ = {
			isa = PBXNativeTarget;
			buildConfigurationList = 20ABCC071E79AFFF00EC2322 /* Build configuration list for PBXNativeTarget "ProyectoTec" */;
			buildPhases = (
				DF78CE8DC6AABA7BAE99CEB7 /* [CP] Check Pods Manifest.lock */,
				20ABCBF11E79AFFE00EC2322 /* Sources */,
				20ABCBF21E79AFFE00EC2322 /* Frameworks */,
				20ABCBF31E79AFFE00EC2322 /* Resources */,
				E8718F9E7957AA5A51A06556 /* [CP] Embed Pods Frameworks */,
				8B0E739FBE9763519E77A624 /* [CP] Copy Pods Resources */,
			);
			buildRules = (
			);
			dependencies = (
			);
			name = ProyectoTec;
			productName = ProyectoTec;
			productReference = 20ABCBF51E79AFFF00EC2322 /* ProyectoTec.app */;
			productType = "com.apple.product-type.application";
		};
/* End PBXNativeTarget section */

/* Begin PBXProject section */
		20ABCBED1E79AFFE00EC2322 /* Project object */ = {
			isa = PBXProject;
			attributes = {
				LastSwiftUpdateCheck = 0820;
				LastUpgradeCheck = 0820;
				ORGANIZATIONNAME = "Alex Mejicanos";
				TargetAttributes = {
					20ABCBF41E79AFFE00EC2322 = {
						CreatedOnToolsVersion = 8.2.1;
						ProvisioningStyle = Automatic;
						SystemCapabilities = {
							com.apple.Maps.iOS = {
								enabled = 1;
							};
						};
					};
				};
			};
			buildConfigurationList = 20ABCBF01E79AFFE00EC2322 /* Build configuration list for PBXProject "ProyectoTec" */;
			compatibilityVersion = "Xcode 3.2";
			developmentRegion = English;
			hasScannedForEncodings = 0;
			knownRegions = (
				en,
				Base,
			);
			mainGroup = 20ABCBEC1E79AFFE00EC2322;
			productRefGroup = 20ABCBF61E79AFFF00EC2322 /* Products */;
			projectDirPath = "";
			projectRoot = "";
			targets = (
				20ABCBF41E79AFFE00EC2322 /* ProyectoTec */,
			);
		};
/* End PBXProject section */

/* Begin PBXResourcesBuildPhase section */
		20ABCBF31E79AFFE00EC2322 /* Resources */ = {
			isa = PBXResourcesBuildPhase;
			buildActionMask = 2147483647;
			files = (
				20A061BD1E834E62008E869E /* AlimentosCell.xib in Resources */,
				20ABCC031E79AFFF00EC2322 /* LaunchScreen.storyboard in Resources */,
				20ABCC211E79C47700EC2322 /* info.json in Resources */,
				20ABCC001E79AFFF00EC2322 /* Assets.xcassets in Resources */,
				208BF7E21E80BBFA00BBA84A /* iPad.storyboard in Resources */,
				20ABCBFE1E79AFFF00EC2322 /* Main.storyboard in Resources */,
			);
			runOnlyForDeploymentPostprocessing = 0;
		};
/* End PBXResourcesBuildPhase section */

/* Begin PBXShellScriptBuildPhase section */
		8B0E739FBE9763519E77A624 /* [CP] Copy Pods Resources */ = {
			isa = PBXShellScriptBuildPhase;
			buildActionMask = 2147483647;
			files = (
			);
			inputPaths = (
			);
			name = "[CP] Copy Pods Resources";
			outputPaths = (
			);
			runOnlyForDeploymentPostprocessing = 0;
			shellPath = /bin/sh;
			shellScript = "\"${SRCROOT}/Pods/Target Support Files/Pods-ProyectoTec/Pods-ProyectoTec-resources.sh\"\n";
			showEnvVarsInLog = 0;
		};
		DF78CE8DC6AABA7BAE99CEB7 /* [CP] Check Pods Manifest.lock */ = {
			isa = PBXShellScriptBuildPhase;
			buildActionMask = 2147483647;
			files = (
			);
			inputPaths = (
			);
			name = "[CP] Check Pods Manifest.lock";
			outputPaths = (
			);
			runOnlyForDeploymentPostprocessing = 0;
			shellPath = /bin/sh;
			shellScript = "diff \"${PODS_ROOT}/../Podfile.lock\" \"${PODS_ROOT}/Manifest.lock\" > /dev/null\nif [ $? != 0 ] ; then\n    # print error to STDERR\n    echo \"error: The sandbox is not in sync with the Podfile.lock. Run 'pod install' or update your CocoaPods installation.\" >&2\n    exit 1\nfi\n";
			showEnvVarsInLog = 0;
		};
		E8718F9E7957AA5A51A06556 /* [CP] Embed Pods Frameworks */ = {
			isa = PBXShellScriptBuildPhase;
			buildActionMask = 2147483647;
			files = (
			);
			inputPaths = (
			);
			name = "[CP] Embed Pods Frameworks";
			outputPaths = (
			);
			runOnlyForDeploymentPostprocessing = 0;
			shellPath = /bin/sh;
			shellScript = "\"${SRCROOT}/Pods/Target Support Files/Pods-ProyectoTec/Pods-ProyectoTec-frameworks.sh\"\n";
			showEnvVarsInLog = 0;
		};
/* End PBXShellScriptBuildPhase section */

/* Begin PBXSourcesBuildPhase section */
		20ABCBF11E79AFFE00EC2322 /* Sources */ = {
			isa = PBXSourcesBuildPhase;
			buildActionMask = 2147483647;
			files = (
				20ABCC291E79DE6D00EC2322 /* RestaurantCell.swift in Sources */,
				202053771E8C276F00A1CCE4 /* RestaurantAnnotation.swift in Sources */,
				20ABCBFB1E79AFFF00EC2322 /* ViewController.swift in Sources */,
				20ABCC231E79CB0500EC2322 /* RestaurantsViewController.swift in Sources */,
				20ABCBF91E79AFFF00EC2322 /* AppDelegate.swift in Sources */,
				20ABCC0F1E79BC4700EC2322 /* Constants.swift in Sources */,
				20A061B91E834BD3008E869E /* AlimentosViewController.swift in Sources */,
				20A061BC1E834E62008E869E /* AlimentosCell.swift in Sources */,
				203570721E95C3D600B3AAA0 /* ProyectoTec.xcdatamodeld in Sources */,
			);
			runOnlyForDeploymentPostprocessing = 0;
		};
/* End PBXSourcesBuildPhase section */

/* Begin PBXVariantGroup section */
		20ABCBFC1E79AFFF00EC2322 /* Main.storyboard */ = {
			isa = PBXVariantGroup;
			children = (
				20ABCBFD1E79AFFF00EC2322 /* Base */,
			);
			name = Main.storyboard;
			sourceTree = "<group>";
		};
		20ABCC011E79AFFF00EC2322 /* LaunchScreen.storyboard */ = {
			isa = PBXVariantGroup;
			children = (
				20ABCC021E79AFFF00EC2322 /* Base */,
			);
			name = LaunchScreen.storyboard;
			sourceTree = "<group>";
		};
/* End PBXVariantGroup section */

/* Begin XCBuildConfiguration section */
		20ABCC051E79AFFF00EC2322 /* Debug */ = {
			isa = XCBuildConfiguration;
			buildSettings = {
				ALWAYS_SEARCH_USER_PATHS = NO;
				CLANG_ANALYZER_NONNULL = YES;
				CLANG_CXX_LANGUAGE_STANDARD = "gnu++0x";
				CLANG_CXX_LIBRARY = "libc++";
				CLANG_ENABLE_MODULES = YES;
				CLANG_ENABLE_OBJC_ARC = YES;
				CLANG_WARN_BOOL_CONVERSION = YES;
				CLANG_WARN_CONSTANT_CONVERSION = YES;
				CLANG_WARN_DIRECT_OBJC_ISA_USAGE = YES_ERROR;
				CLANG_WARN_DOCUMENTATION_COMMENTS = YES;
				CLANG_WARN_EMPTY_BODY = YES;
				CLANG_WARN_ENUM_CONVERSION = YES;
				CLANG_WARN_INFINITE_RECURSION = YES;
				CLANG_WARN_INT_CONVERSION = YES;
				CLANG_WARN_OBJC_ROOT_CLASS = YES_ERROR;
				CLANG_WARN_SUSPICIOUS_MOVE = YES;
				CLANG_WARN_UNREACHABLE_CODE = YES;
				CLANG_WARN__DUPLICATE_METHOD_MATCH = YES;
				"CODE_SIGN_IDENTITY[sdk=iphoneos*]" = "iPhone Developer";
				COPY_PHASE_STRIP = NO;
				DEBUG_INFORMATION_FORMAT = dwarf;
				ENABLE_STRICT_OBJC_MSGSEND = YES;
				ENABLE_TESTABILITY = YES;
				GCC_C_LANGUAGE_STANDARD = gnu99;
				GCC_DYNAMIC_NO_PIC = NO;
				GCC_NO_COMMON_BLOCKS = YES;
				GCC_OPTIMIZATION_LEVEL = 0;
				GCC_PREPROCESSOR_DEFINITIONS = (
					"DEBUG=1",
					"$(inherited)",
				);
				GCC_WARN_64_TO_32_BIT_CONVERSION = YES;
				GCC_WARN_ABOUT_RETURN_TYPE = YES_ERROR;
				GCC_WARN_UNDECLARED_SELECTOR = YES;
				GCC_WARN_UNINITIALIZED_AUTOS = YES_AGGRESSIVE;
				GCC_WARN_UNUSED_FUNCTION = YES;
				GCC_WARN_UNUSED_VARIABLE = YES;
				IPHONEOS_DEPLOYMENT_TARGET = 10.2;
				MTL_ENABLE_DEBUG_INFO = YES;
				ONLY_ACTIVE_ARCH = YES;
				SDKROOT = iphoneos;
				SWIFT_ACTIVE_COMPILATION_CONDITIONS = DEBUG;
				SWIFT_OPTIMIZATION_LEVEL = "-Onone";
			};
			name = Debug;
		};
		20ABCC061E79AFFF00EC2322 /* Release */ = {
			isa = XCBuildConfiguration;
			buildSettings = {
				ALWAYS_SEARCH_USER_PATHS = NO;
				CLANG_ANALYZER_NONNULL = YES;
				CLANG_CXX_LANGUAGE_STANDARD = "gnu++0x";
				CLANG_CXX_LIBRARY = "libc++";
				CLANG_ENABLE_MODULES = YES;
				CLANG_ENABLE_OBJC_ARC = YES;
				CLANG_WARN_BOOL_CONVERSION = YES;
				CLANG_WARN_CONSTANT_CONVERSION = YES;
				CLANG_WARN_DIRECT_OBJC_ISA_USAGE = YES_ERROR;
				CLANG_WARN_DOCUMENTATION_COMMENTS = YES;
				CLANG_WARN_EMPTY_BODY = YES;
				CLANG_WARN_ENUM_CONVERSION = YES;
				CLANG_WARN_INFINITE_RECURSION = YES;
				CLANG_WARN_INT_CONVERSION = YES;
				CLANG_WARN_OBJC_ROOT_CLASS = YES_ERROR;
				CLANG_WARN_SUSPICIOUS_MOVE = YES;
				CLANG_WARN_UNREACHABLE_CODE = YES;
				CLANG_WARN__DUPLICATE_METHOD_MATCH = YES;
				"CODE_SIGN_IDENTITY[sdk=iphoneos*]" = "iPhone Developer";
				COPY_PHASE_STRIP = NO;
				DEBUG_INFORMATION_FORMAT = "dwarf-with-dsym";
				ENABLE_NS_ASSERTIONS = NO;
				ENABLE_STRICT_OBJC_MSGSEND = YES;
				GCC_C_LANGUAGE_STANDARD = gnu99;
				GCC_NO_COMMON_BLOCKS = YES;
				GCC_WARN_64_TO_32_BIT_CONVERSION = YES;
				GCC_WARN_ABOUT_RETURN_TYPE = YES_ERROR;
				GCC_WARN_UNDECLARED_SELECTOR = YES;
				GCC_WARN_UNINITIALIZED_AUTOS = YES_AGGRESSIVE;
				GCC_WARN_UNUSED_FUNCTION = YES;
				GCC_WARN_UNUSED_VARIABLE = YES;
				IPHONEOS_DEPLOYMENT_TARGET = 10.2;
				MTL_ENABLE_DEBUG_INFO = NO;
				SDKROOT = iphoneos;
				SWIFT_OPTIMIZATION_LEVEL = "-Owholemodule";
				VALIDATE_PRODUCT = YES;
			};
			name = Release;
		};
		20ABCC081E79AFFF00EC2322 /* Debug */ = {
			isa = XCBuildConfiguration;
			baseConfigurationReference = 9C731741F38EC27DAD03BFF8 /* Pods-ProyectoTec.debug.xcconfig */;
			buildSettings = {
				ASSETCATALOG_COMPILER_APPICON_NAME = AppIcon;
				DEVELOPMENT_TEAM = "";
				INFOPLIST_FILE = ProyectoTec/Info.plist;
				LD_RUNPATH_SEARCH_PATHS = "$(inherited) @executable_path/Frameworks";
				PRODUCT_BUNDLE_IDENTIFIER = com.tec.ProyectoTec;
				PRODUCT_NAME = "$(TARGET_NAME)";
				SWIFT_VERSION = 3.0;
				TARGETED_DEVICE_FAMILY = "1,2";
			};
			name = Debug;
		};
		20ABCC091E79AFFF00EC2322 /* Release */ = {
			isa = XCBuildConfiguration;
			baseConfigurationReference = 79DE35A0BA328FB39BFBCE89 /* Pods-ProyectoTec.release.xcconfig */;
			buildSettings = {
				ASSETCATALOG_COMPILER_APPICON_NAME = AppIcon;
				DEVELOPMENT_TEAM = "";
				INFOPLIST_FILE = ProyectoTec/Info.plist;
				LD_RUNPATH_SEARCH_PATHS = "$(inherited) @executable_path/Frameworks";
				PRODUCT_BUNDLE_IDENTIFIER = com.tec.ProyectoTec;
				PRODUCT_NAME = "$(TARGET_NAME)";
				SWIFT_VERSION = 3.0;
				TARGETED_DEVICE_FAMILY = "1,2";
			};
			name = Release;
		};
/* End XCBuildConfiguration section */

/* Begin XCConfigurationList section */
		20ABCBF01E79AFFE00EC2322 /* Build configuration list for PBXProject "ProyectoTec" */ = {
			isa = XCConfigurationList;
			buildConfigurations = (
				20ABCC051E79AFFF00EC2322 /* Debug */,
				20ABCC061E79AFFF00EC2322 /* Release */,
			);
			defaultConfigurationIsVisible = 0;
			defaultConfigurationName = Release;
		};
		20ABCC071E79AFFF00EC2322 /* Build configuration list for PBXNativeTarget "ProyectoTec" */ = {
			isa = XCConfigurationList;
			buildConfigurations = (
				20ABCC081E79AFFF00EC2322 /* Debug */,
				20ABCC091E79AFFF00EC2322 /* Release */,
			);
			defaultConfigurationIsVisible = 0;
			defaultConfigurationName = Release;
		};
/* End XCConfigurationList section */

/* Begin XCVersionGroup section */
		203570701E95C3D600B3AAA0 /* ProyectoTec.xcdatamodeld */ = {
			isa = XCVersionGroup;
			children = (
				203570711E95C3D600B3AAA0 /* ProyectoTec.xcdatamodel */,
			);
			currentVersion = 203570711E95C3D600B3AAA0 /* ProyectoTec.xcdatamodel */;
			path = ProyectoTec.xcdatamodeld;
			sourceTree = "<group>";
			versionGroupType = wrapper.xcdatamodel;
		};
/* End XCVersionGroup section */
	};
	rootObject = 20ABCBED1E79AFFE00EC2322 /* Project object */;
}
